
Microsoft Visual Studio Solution File, Format Version 12.00
# Visual Studio 15
Project("{FAE04EC0-301F-11D3-BF4B-00C04F79EFBC}") = "AppCell.Android", "AppCell.Android\AppCell.Android.csproj", "{2ECAB5F0-A1B5-423D-8AA5-ABA169F133B3}"
EndProject
Project("{FAE04EC0-301F-11D3-BF4B-00C04F79EFBC}") = "AppCell.iOS", "AppCell.iOS\AppCell.iOS.csproj", "{BC118E03-4BCD-4615-A232-CAD68C1BD2A8}"
EndProject
Project("{FAE04EC0-301F-11D3-BF4B-00C04F79EFBC}") = "AppCell", "AppCell\AppCell.csproj", "{6AA351A2-27AE-4242-9DDD-637C951CF63B}"
EndProject
Global
	GlobalSection(SolutionConfigurationPlatforms) = preSolution
		Debug|Any CPU = Debug|Any CPU
		Release|Any CPU = Release|Any CPU
		Debug|iPhoneSimulator = Debug|iPhoneSimulator
		Release|iPhoneSimulator = Release|iPhoneSimulator
		Debug|iPhone = Debug|iPhone
		Release|iPhone = Release|iPhone
	EndGlobalSection
	GlobalSection(ProjectConfigurationPlatforms) = postSolution
		{2ECAB5F0-A1B5-423D-8AA5-ABA169F133B3}.Debug|Any CPU.ActiveCfg = Debug|Any CPU
		{2ECAB5F0-A1B5-423D-8AA5-ABA169F133B3}.Debug|Any CPU.Build.0 = Debug|Any CPU
		{2ECAB5F0-A1B5-423D-8AA5-ABA169F133B3}.Release|Any CPU.ActiveCfg = Release|Any CPU
		{2ECAB5F0-A1B5-423D-8AA5-ABA169F133B3}.Release|Any CPU.Build.0 = Release|Any CPU
		{2ECAB5F0-A1B5-423D-8AA5-ABA169F133B3}.Debug|iPhoneSimulator.ActiveCfg = Debug|Any CPU
		{2ECAB5F0-A1B5-423D-8AA5-ABA169F133B3}.Debug|iPhoneSimulator.Build.0 = Debug|Any CPU
		{2ECAB5F0-A1B5-423D-8AA5-ABA169F133B3}.Release|iPhoneSimulator.ActiveCfg = Release|Any CPU
		{2ECAB5F0-A1B5-423D-8AA5-ABA169F133B3}.Release|iPhoneSimulator.Build.0 = Release|Any CPU
		{2ECAB5F0-A1B5-423D-8AA5-ABA169F133B3}.Debug|iPhone.ActiveCfg = Debug|Any CPU
		{2ECAB5F0-A1B5-423D-8AA5-ABA169F133B3}.Debug|iPhone.Build.0 = Debug|Any CPU
		{2ECAB5F0-A1B5-423D-8AA5-ABA169F133B3}.Release|iPhone.ActiveCfg = Release|Any CPU
		{2ECAB5F0-A1B5-423D-8AA5-ABA169F133B3}.Release|iPhone.Build.0 = Release|Any CPU
		{BC118E03-4BCD-4615-A232-CAD68C1BD2A8}.Debug|Any CPU.ActiveCfg = Debug|iPhoneSimulator
		{BC118E03-4BCD-4615-A232-CAD68C1BD2A8}.Debug|Any CPU.Build.0 = Debug|iPhoneSimulator
		{BC118E03-4BCD-4615-A232-CAD68C1BD2A8}.Release|Any CPU.ActiveCfg = Release|iPhoneSimulator
		{BC118E03-4BCD-4615-A232-CAD68C1BD2A8}.Release|Any CPU.Build.0 = Release|iPhoneSimulator
		{BC118E03-4BCD-4615-A232-CAD68C1BD2A8}.Debug|iPhoneSimulator.ActiveCfg = Debug|iPhoneSimulator
		{BC118E03-4BCD-4615-A232-CAD68C1BD2A8}.Debug|iPhoneSimulator.Build.0 = Debug|iPhoneSimulator
		{BC118E03-4BCD-4615-A232-CAD68C1BD2A8}.Release|iPhoneSimulator.ActiveCfg = Release|iPhoneSimulator
		{BC118E03-4BCD-4615-A232-CAD68C1BD2A8}.Release|iPhoneSimulator.Build.0 = Release|iPhoneSimulator
		{BC118E03-4BCD-4615-A232-CAD68C1BD2A8}.Debug|iPhone.ActiveCfg = Debug|iPhone
		{BC118E03-4BCD-4615-A232-CAD68C1BD2A8}.Debug|iPhone.Build.0 = Debug|iPhone
		{BC118E03-4BCD-4615-A232-CAD68C1BD2A8}.Release|iPhone.ActiveCfg = Release|iPhone
		{BC118E03-4BCD-4615-A232-CAD68C1BD2A8}.Release|iPhone.Build.0 = Release|iPhone
		{6AA351A2-27AE-4242-9DDD-637C951CF63B}.Debug|Any CPU.ActiveCfg = Debug|Any CPU
		{6AA351A2-27AE-4242-9DDD-637C951CF63B}.Debug|Any CPU.Build.0 = Debug|Any CPU
		{6AA351A2-27AE-4242-9DDD-637C951CF63B}.Release|Any CPU.ActiveCfg = Release|Any CPU
		{6AA351A2-27AE-4242-9DDD-637C951CF63B}.Release|Any CPU.Build.0 = Release|Any CPU
		{6AA351A2-27AE-4242-9DDD-637C951CF63B}.Debug|iPhoneSimulator.ActiveCfg = Debug|Any CPU
		{6AA351A2-27AE-4242-9DDD-637C951CF63B}.Debug|iPhoneSimulator.Build.0 = Debug|Any CPU
		{6AA351A2-27AE-4242-9DDD-637C951CF63B}.Release|iPhoneSimulator.ActiveCfg = Release|Any CPU
		{6AA351A2-27AE-4242-9DDD-637C951CF63B}.Release|iPhoneSimulator.Build.0 = Release|Any CPU
		{6AA351A2-27AE-4242-9DDD-637C951CF63B}.Debug|iPhone.ActiveCfg = Debug|Any CPU
		{6AA351A2-27AE-4242-9DDD-637C951CF63B}.Debug|iPhone.Build.0 = Debug|Any CPU
		{6AA351A2-27AE-4242-9DDD-637C951CF63B}.Release|iPhone.ActiveCfg = Release|Any CPU
		{6AA351A2-27AE-4242-9DDD-637C951CF63B}.Release|iPhone.Build.0 = Release|Any CPU
	EndGlobalSection
EndGlobal
